// !$*UTF8*$!
{
	archiveVersion = 1;
	classes = {
	};
	objectVersion = 51;
	objects = {

/* Begin PBXBuildFile section */
		0A7177D66549F2242F10C2FA /* Pods_eCommerce.framework in Frameworks */ = {isa = PBXBuildFile; fileRef = 1995B80BA69312825B81FEE8 /* Pods_eCommerce.framework */; };
		1E8A8A2ED4CF35CEDF5FF609 /* Pods_eCommerceTests.framework in Frameworks */ = {isa = PBXBuildFile; fileRef = 0330EB310A34A153FF90E668 /* Pods_eCommerceTests.framework */; };
		2459C42E23E436F500748647 /* AppDelegate.swift in Sources */ = {isa = PBXBuildFile; fileRef = 2459C42D23E436F500748647 /* AppDelegate.swift */; };
		2459C43023E436F500748647 /* SceneDelegate.swift in Sources */ = {isa = PBXBuildFile; fileRef = 2459C42F23E436F500748647 /* SceneDelegate.swift */; };
		2459C43223E436F500748647 /* ViewController.swift in Sources */ = {isa = PBXBuildFile; fileRef = 2459C43123E436F500748647 /* ViewController.swift */; };
		2459C43523E436F500748647 /* Main.storyboard in Resources */ = {isa = PBXBuildFile; fileRef = 2459C43323E436F500748647 /* Main.storyboard */; };
		2459C43823E436F500748647 /* eCommerce.xcdatamodeld in Sources */ = {isa = PBXBuildFile; fileRef = 2459C43623E436F500748647 /* eCommerce.xcdatamodeld */; };
		2459C43A23E436F600748647 /* Assets.xcassets in Resources */ = {isa = PBXBuildFile; fileRef = 2459C43923E436F600748647 /* Assets.xcassets */; };
		2459C43D23E436F600748647 /* LaunchScreen.storyboard in Resources */ = {isa = PBXBuildFile; fileRef = 2459C43B23E436F600748647 /* LaunchScreen.storyboard */; };
		2459C44823E436F600748647 /* eCommerceTests.swift in Sources */ = {isa = PBXBuildFile; fileRef = 2459C44723E436F600748647 /* eCommerceTests.swift */; };
		2459C45323E436F600748647 /* eCommerceUITests.swift in Sources */ = {isa = PBXBuildFile; fileRef = 2459C45223E436F600748647 /* eCommerceUITests.swift */; };
		2459C46123E43E7A00748647 /* Podfile in Resources */ = {isa = PBXBuildFile; fileRef = 2459C46023E43E7A00748647 /* Podfile */; };
		EB176F0FB8432DD5FECC1605 /* Pods_eCommerceUITests.framework in Frameworks */ = {isa = PBXBuildFile; fileRef = 673197EC73BFA11A735F9B20 /* Pods_eCommerceUITests.framework */; };
/* End PBXBuildFile section */

/* Begin PBXContainerItemProxy section */
		2459C44423E436F600748647 /* PBXContainerItemProxy */ = {
			isa = PBXContainerItemProxy;
			containerPortal = 2459C42223E436F500748647 /* Project object */;
			proxyType = 1;
			remoteGlobalIDString = 2459C42923E436F500748647;
			remoteInfo = eCommerce;
		};
		2459C44F23E436F600748647 /* PBXContainerItemProxy */ = {
			isa = PBXContainerItemProxy;
			containerPortal = 2459C42223E436F500748647 /* Project object */;
			proxyType = 1;
			remoteGlobalIDString = 2459C42923E436F500748647;
			remoteInfo = eCommerce;
		};
/* End PBXContainerItemProxy section */

/* Begin PBXFileReference section */
		0330EB310A34A153FF90E668 /* Pods_eCommerceTests.framework */ = {isa = PBXFileReference; explicitFileType = wrapper.framework; includeInIndex = 0; path = Pods_eCommerceTests.framework; sourceTree = BUILT_PRODUCTS_DIR; };
		17174D01FBB8220785825E2B /* Pods-eCommerceTests.debug.xcconfig */ = {isa = PBXFileReference; includeInIndex = 1; lastKnownFileType = text.xcconfig; name = "Pods-eCommerceTests.debug.xcconfig"; path = "Target Support Files/Pods-eCommerceTests/Pods-eCommerceTests.debug.xcconfig"; sourceTree = "<group>"; };
		1995B80BA69312825B81FEE8 /* Pods_eCommerce.framework */ = {isa = PBXFileReference; explicitFileType = wrapper.framework; includeInIndex = 0; path = Pods_eCommerce.framework; sourceTree = BUILT_PRODUCTS_DIR; };
		2459C42A23E436F500748647 /* eCommerce.app */ = {isa = PBXFileReference; explicitFileType = wrapper.application; includeInIndex = 0; path = eCommerce.app; sourceTree = BUILT_PRODUCTS_DIR; };
		2459C42D23E436F500748647 /* AppDelegate.swift */ = {isa = PBXFileReference; lastKnownFileType = sourcecode.swift; path = AppDelegate.swift; sourceTree = "<group>"; };
		2459C42F23E436F500748647 /* SceneDelegate.swift */ = {isa = PBXFileReference; lastKnownFileType = sourcecode.swift; path = SceneDelegate.swift; sourceTree = "<group>"; };
		2459C43123E436F500748647 /* ViewController.swift */ = {isa = PBXFileReference; lastKnownFileType = sourcecode.swift; path = ViewController.swift; sourceTree = "<group>"; };
		2459C43423E436F500748647 /* Base */ = {isa = PBXFileReference; lastKnownFileType = file.storyboard; name = Base; path = Base.lproj/Main.storyboard; sourceTree = "<group>"; };
		2459C43723E436F500748647 /* eCommerce.xcdatamodel */ = {isa = PBXFileReference; lastKnownFileType = wrapper.xcdatamodel; path = eCommerce.xcdatamodel; sourceTree = "<group>"; };
		2459C43923E436F600748647 /* Assets.xcassets */ = {isa = PBXFileReference; lastKnownFileType = folder.assetcatalog; path = Assets.xcassets; sourceTree = "<group>"; };
		2459C43C23E436F600748647 /* Base */ = {isa = PBXFileReference; lastKnownFileType = file.storyboard; name = Base; path = Base.lproj/LaunchScreen.storyboard; sourceTree = "<group>"; };
		2459C43E23E436F600748647 /* Info.plist */ = {isa = PBXFileReference; lastKnownFileType = text.plist.xml; path = Info.plist; sourceTree = "<group>"; };
		2459C44323E436F600748647 /* eCommerceTests.xctest */ = {isa = PBXFileReference; explicitFileType = wrapper.cfbundle; includeInIndex = 0; path = eCommerceTests.xctest; sourceTree = BUILT_PRODUCTS_DIR; };
		2459C44723E436F600748647 /* eCommerceTests.swift */ = {isa = PBXFileReference; lastKnownFileType = sourcecode.swift; path = eCommerceTests.swift; sourceTree = "<group>"; };
		2459C44923E436F600748647 /* Info.plist */ = {isa = PBXFileReference; lastKnownFileType = text.plist.xml; path = Info.plist; sourceTree = "<group>"; };
		2459C44E23E436F600748647 /* eCommerceUITests.xctest */ = {isa = PBXFileReference; explicitFileType = wrapper.cfbundle; includeInIndex = 0; path = eCommerceUITests.xctest; sourceTree = BUILT_PRODUCTS_DIR; };
		2459C45223E436F600748647 /* eCommerceUITests.swift */ = {isa = PBXFileReference; lastKnownFileType = sourcecode.swift; path = eCommerceUITests.swift; sourceTree = "<group>"; };
		2459C45423E436F600748647 /* Info.plist */ = {isa = PBXFileReference; lastKnownFileType = text.plist.xml; path = Info.plist; sourceTree = "<group>"; };
		2459C46023E43E7A00748647 /* Podfile */ = {isa = PBXFileReference; lastKnownFileType = text; path = Podfile; sourceTree = "<group>"; xcLanguageSpecificationIdentifier = xcode.lang.ruby; };
		2AD6ACFC174B64DC85844336 /* Pods-eCommerce.release.xcconfig */ = {isa = PBXFileReference; includeInIndex = 1; lastKnownFileType = text.xcconfig; name = "Pods-eCommerce.release.xcconfig"; path = "Target Support Files/Pods-eCommerce/Pods-eCommerce.release.xcconfig"; sourceTree = "<group>"; };
		673197EC73BFA11A735F9B20 /* Pods_eCommerceUITests.framework */ = {isa = PBXFileReference; explicitFileType = wrapper.framework; includeInIndex = 0; path = Pods_eCommerceUITests.framework; sourceTree = BUILT_PRODUCTS_DIR; };
		9FB6B1338709B17B67501E21 /* Pods-eCommerceUITests.release.xcconfig */ = {isa = PBXFileReference; includeInIndex = 1; lastKnownFileType = text.xcconfig; name = "Pods-eCommerceUITests.release.xcconfig"; path = "Target Support Files/Pods-eCommerceUITests/Pods-eCommerceUITests.release.xcconfig"; sourceTree = "<group>"; };
		AB6D14AD420B74F40523E5F8 /* Pods-eCommerceTests.release.xcconfig */ = {isa = PBXFileReference; includeInIndex = 1; lastKnownFileType = text.xcconfig; name = "Pods-eCommerceTests.release.xcconfig"; path = "Target Support Files/Pods-eCommerceTests/Pods-eCommerceTests.release.xcconfig"; sourceTree = "<group>"; };
		CBD28F9986FEB4E6ECB820DE /* Pods-eCommerce.debug.xcconfig */ = {isa = PBXFileReference; includeInIndex = 1; lastKnownFileType = text.xcconfig; name = "Pods-eCommerce.debug.xcconfig"; path = "Target Support Files/Pods-eCommerce/Pods-eCommerce.debug.xcconfig"; sourceTree = "<group>"; };
		D205BCA52EFC3037C6D0F7C1 /* Pods-eCommerceUITests.debug.xcconfig */ = {isa = PBXFileReference; includeInIndex = 1; lastKnownFileType = text.xcconfig; name = "Pods-eCommerceUITests.debug.xcconfig"; path = "Target Support Files/Pods-eCommerceUITests/Pods-eCommerceUITests.debug.xcconfig"; sourceTree = "<group>"; };
/* End PBXFileReference section */

/* Begin PBXFrameworksBuildPhase section */
		2459C42723E436F500748647 /* Frameworks */ = {
			isa = PBXFrameworksBuildPhase;
			buildActionMask = 2147483647;
			files = (
				0A7177D66549F2242F10C2FA /* Pods_eCommerce.framework in Frameworks */,
			);
			runOnlyForDeploymentPostprocessing = 0;
		};
		2459C44023E436F600748647 /* Frameworks */ = {
			isa = PBXFrameworksBuildPhase;
			buildActionMask = 2147483647;
			files = (
				1E8A8A2ED4CF35CEDF5FF609 /* Pods_eCommerceTests.framework in Frameworks */,
			);
			runOnlyForDeploymentPostprocessing = 0;
		};
		2459C44B23E436F600748647 /* Frameworks */ = {
			isa = PBXFrameworksBuildPhase;
			buildActionMask = 2147483647;
			files = (
				EB176F0FB8432DD5FECC1605 /* Pods_eCommerceUITests.framework in Frameworks */,
			);
			runOnlyForDeploymentPostprocessing = 0;
		};
/* End PBXFrameworksBuildPhase section */

/* Begin PBXGroup section */
		051F49BE3829B00F8E1397A3 /* Pods */ = {
			isa = PBXGroup;
			children = (
				CBD28F9986FEB4E6ECB820DE /* Pods-eCommerce.debug.xcconfig */,
				2AD6ACFC174B64DC85844336 /* Pods-eCommerce.release.xcconfig */,
				17174D01FBB8220785825E2B /* Pods-eCommerceTests.debug.xcconfig */,
				AB6D14AD420B74F40523E5F8 /* Pods-eCommerceTests.release.xcconfig */,
				D205BCA52EFC3037C6D0F7C1 /* Pods-eCommerceUITests.debug.xcconfig */,
				9FB6B1338709B17B67501E21 /* Pods-eCommerceUITests.release.xcconfig */,
			);
			path = Pods;
			sourceTree = "<group>";
		};
		2459C42123E436F500748647 = {
			isa = PBXGroup;
			children = (
				2459C42C23E436F500748647 /* eCommerce */,
				2459C44623E436F600748647 /* eCommerceTests */,
				2459C45123E436F600748647 /* eCommerceUITests */,
				2459C46023E43E7A00748647 /* Podfile */,
				2459C42B23E436F500748647 /* Products */,
				051F49BE3829B00F8E1397A3 /* Pods */,
				7B19796842A67D27D6AE5C02 /* Frameworks */,
			);
			sourceTree = "<group>";
		};
		2459C42B23E436F500748647 /* Products */ = {
			isa = PBXGroup;
			children = (
				2459C42A23E436F500748647 /* eCommerce.app */,
				2459C44323E436F600748647 /* eCommerceTests.xctest */,
				2459C44E23E436F600748647 /* eCommerceUITests.xctest */,
			);
			name = Products;
			sourceTree = "<group>";
		};
		2459C42C23E436F500748647 /* eCommerce */ = {
			isa = PBXGroup;
			children = (
				2459C42D23E436F500748647 /* AppDelegate.swift */,
				2459C42F23E436F500748647 /* SceneDelegate.swift */,
				2459C43123E436F500748647 /* ViewController.swift */,
				2459C43323E436F500748647 /* Main.storyboard */,
				2459C43923E436F600748647 /* Assets.xcassets */,
				2459C43B23E436F600748647 /* LaunchScreen.storyboard */,
				2459C43E23E436F600748647 /* Info.plist */,
				2459C43623E436F500748647 /* eCommerce.xcdatamodeld */,
			);
			path = eCommerce;
			sourceTree = "<group>";
		};
		2459C44623E436F600748647 /* eCommerceTests */ = {
			isa = PBXGroup;
			children = (
				2459C44723E436F600748647 /* eCommerceTests.swift */,
				2459C44923E436F600748647 /* Info.plist */,
			);
			path = eCommerceTests;
			sourceTree = "<group>";
		};
		2459C45123E436F600748647 /* eCommerceUITests */ = {
			isa = PBXGroup;
			children = (
				2459C45223E436F600748647 /* eCommerceUITests.swift */,
				2459C45423E436F600748647 /* Info.plist */,
			);
			path = eCommerceUITests;
			sourceTree = "<group>";
		};
		7B19796842A67D27D6AE5C02 /* Frameworks */ = {
			isa = PBXGroup;
			children = (
				1995B80BA69312825B81FEE8 /* Pods_eCommerce.framework */,
				0330EB310A34A153FF90E668 /* Pods_eCommerceTests.framework */,
				673197EC73BFA11A735F9B20 /* Pods_eCommerceUITests.framework */,
			);
			name = Frameworks;
			sourceTree = "<group>";
		};
/* End PBXGroup section */

/* Begin PBXNativeTarget section */
		2459C42923E436F500748647 /* eCommerce */ = {
			isa = PBXNativeTarget;
			buildConfigurationList = 2459C45723E436F600748647 /* Build configuration list for PBXNativeTarget "eCommerce" */;
			buildPhases = (
				3DD229B85A3A840B914EAF4D /* [CP] Check Pods Manifest.lock */,
				2459C42623E436F500748647 /* Sources */,
				2459C42723E436F500748647 /* Frameworks */,
				2459C42823E436F500748647 /* Resources */,
				BD83D95953DCC800A0954B09 /* [CP] Embed Pods Frameworks */,
			);
			buildRules = (
			);
			dependencies = (
			);
			name = eCommerce;
			productName = eCommerce;
			productReference = 2459C42A23E436F500748647 /* eCommerce.app */;
			productType = "com.apple.product-type.application";
		};
		2459C44223E436F600748647 /* eCommerceTests */ = {
			isa = PBXNativeTarget;
			buildConfigurationList = 2459C45A23E436F600748647 /* Build configuration list for PBXNativeTarget "eCommerceTests" */;
			buildPhases = (
				473D707A38A73E93A5A6308B /* [CP] Check Pods Manifest.lock */,
				2459C43F23E436F600748647 /* Sources */,
				2459C44023E436F600748647 /* Frameworks */,
				2459C44123E436F600748647 /* Resources */,
			);
			buildRules = (
			);
			dependencies = (
				2459C44523E436F600748647 /* PBXTargetDependency */,
			);
			name = eCommerceTests;
			productName = eCommerceTests;
			productReference = 2459C44323E436F600748647 /* eCommerceTests.xctest */;
			productType = "com.apple.product-type.bundle.unit-test";
		};
		2459C44D23E436F600748647 /* eCommerceUITests */ = {
			isa = PBXNativeTarget;
			buildConfigurationList = 2459C45D23E436F600748647 /* Build configuration list for PBXNativeTarget "eCommerceUITests" */;
			buildPhases = (
				24F95025D249D973D8E8A48F /* [CP] Check Pods Manifest.lock */,
				2459C44A23E436F600748647 /* Sources */,
				2459C44B23E436F600748647 /* Frameworks */,
				2459C44C23E436F600748647 /* Resources */,
			);
			buildRules = (
			);
			dependencies = (
				2459C45023E436F600748647 /* PBXTargetDependency */,
			);
			name = eCommerceUITests;
			productName = eCommerceUITests;
			productReference = 2459C44E23E436F600748647 /* eCommerceUITests.xctest */;
			productType = "com.apple.product-type.bundle.ui-testing";
		};
/* End PBXNativeTarget section */

/* Begin PBXProject section */
		2459C42223E436F500748647 /* Project object */ = {
			isa = PBXProject;
			attributes = {
				LastSwiftUpdateCheck = 1130;
				LastUpgradeCheck = 1130;
				ORGANIZATIONNAME = "Karan Thakkar";
				TargetAttributes = {
					2459C42923E436F500748647 = {
						CreatedOnToolsVersion = 11.3;
					};
					2459C44223E436F600748647 = {
						CreatedOnToolsVersion = 11.3;
						TestTargetID = 2459C42923E436F500748647;
					};
					2459C44D23E436F600748647 = {
						CreatedOnToolsVersion = 11.3;
						TestTargetID = 2459C42923E436F500748647;
					};
				};
			};
			buildConfigurationList = 2459C42523E436F500748647 /* Build configuration list for PBXProject "eCommerce" */;
			compatibilityVersion = "Xcode 9.3";
			developmentRegion = en;
			hasScannedForEncodings = 0;
			knownRegions = (
				en,
				Base,
			);
			mainGroup = 2459C42123E436F500748647;
			productRefGroup = 2459C42B23E436F500748647 /* Products */;
			projectDirPath = "";
			projectRoot = "";
			targets = (
				2459C42923E436F500748647 /* eCommerce */,
				2459C44223E436F600748647 /* eCommerceTests */,
				2459C44D23E436F600748647 /* eCommerceUITests */,
			);
		};
/* End PBXProject section */

/* Begin PBXResourcesBuildPhase section */
		2459C42823E436F500748647 /* Resources */ = {
			isa = PBXResourcesBuildPhase;
			buildActionMask = 2147483647;
			files = (
				2459C43D23E436F600748647 /* LaunchScreen.storyboard in Resources */,
				2459C43A23E436F600748647 /* Assets.xcassets in Resources */,
				2459C46123E43E7A00748647 /* Podfile in Resources */,
				2459C43523E436F500748647 /* Main.storyboard in Resources */,
			);
			runOnlyForDeploymentPostprocessing = 0;
		};
		2459C44123E436F600748647 /* Resources */ = {
			isa = PBXResourcesBuildPhase;
			buildActionMask = 2147483647;
			files = (
			);
			runOnlyForDeploymentPostprocessing = 0;
		};
		2459C44C23E436F600748647 /* Resources */ = {
			isa = PBXResourcesBuildPhase;
			buildActionMask = 2147483647;
			files = (
			);
			runOnlyForDeploymentPostprocessing = 0;
		};
/* End PBXResourcesBuildPhase section */

/* Begin PBXShellScriptBuildPhase section */
		24F95025D249D973D8E8A48F /* [CP] Check Pods Manifest.lock */ = {
			isa = PBXShellScriptBuildPhase;
			buildActionMask = 2147483647;
			files = (
			);
			inputFileListPaths = (
			);
			inputPaths = (
				"${PODS_PODFILE_DIR_PATH}/Podfile.lock",
				"${PODS_ROOT}/Manifest.lock",
			);
			name = "[CP] Check Pods Manifest.lock";
			outputFileListPaths = (
			);
			outputPaths = (
				"$(DERIVED_FILE_DIR)/Pods-eCommerceUITests-checkManifestLockResult.txt",
			);
			runOnlyForDeploymentPostprocessing = 0;
			shellPath = /bin/sh;
			shellScript = "diff \"${PODS_PODFILE_DIR_PATH}/Podfile.lock\" \"${PODS_ROOT}/Manifest.lock\" > /dev/null\nif [ $? != 0 ] ; then\n    # print error to STDERR\n    echo \"error: The sandbox is not in sync with the Podfile.lock. Run 'pod install' or update your CocoaPods installation.\" >&2\n    exit 1\nfi\n# This output is used by Xcode 'outputs' to avoid re-running this script phase.\necho \"SUCCESS\" > \"${SCRIPT_OUTPUT_FILE_0}\"\n";
			showEnvVarsInLog = 0;
		};
		3DD229B85A3A840B914EAF4D /* [CP] Check Pods Manifest.lock */ = {
			isa = PBXShellScriptBuildPhase;
			buildActionMask = 2147483647;
			files = (
			);
			inputFileListPaths = (
			);
			inputPaths = (
				"${PODS_PODFILE_DIR_PATH}/Podfile.lock",
				"${PODS_ROOT}/Manifest.lock",
			);
			name = "[CP] Check Pods Manifest.lock";
			outputFileListPaths = (
			);
			outputPaths = (
				"$(DERIVED_FILE_DIR)/Pods-eCommerce-checkManifestLockResult.txt",
			);
			runOnlyForDeploymentPostprocessing = 0;
			shellPath = /bin/sh;
			shellScript = "diff \"${PODS_PODFILE_DIR_PATH}/Podfile.lock\" \"${PODS_ROOT}/Manifest.lock\" > /dev/null\nif [ $? != 0 ] ; then\n    # print error to STDERR\n    echo \"error: The sandbox is not in sync with the Podfile.lock. Run 'pod install' or update your CocoaPods installation.\" >&2\n    exit 1\nfi\n# This output is used by Xcode 'outputs' to avoid re-running this script phase.\necho \"SUCCESS\" > \"${SCRIPT_OUTPUT_FILE_0}\"\n";
			showEnvVarsInLog = 0;
		};
		473D707A38A73E93A5A6308B /* [CP] Check Pods Manifest.lock */ = {
			isa = PBXShellScriptBuildPhase;
			buildActionMask = 2147483647;
			files = (
			);
			inputFileListPaths = (
			);
			inputPaths = (
				"${PODS_PODFILE_DIR_PATH}/Podfile.lock",
				"${PODS_ROOT}/Manifest.lock",
			);
			name = "[CP] Check Pods Manifest.lock";
			outputFileListPaths = (
			);
			outputPaths = (
				"$(DERIVED_FILE_DIR)/Pods-eCommerceTests-checkManifestLockResult.txt",
			);
			runOnlyForDeploymentPostprocessing = 0;
			shellPath = /bin/sh;
			shellScript = "diff \"${PODS_PODFILE_DIR_PATH}/Podfile.lock\" \"${PODS_ROOT}/Manifest.lock\" > /dev/null\nif [ $? != 0 ] ; then\n    # print error to STDERR\n    echo \"error: The sandbox is not in sync with the Podfile.lock. Run 'pod install' or update your CocoaPods installation.\" >&2\n    exit 1\nfi\n# This output is used by Xcode 'outputs' to avoid re-running this script phase.\necho \"SUCCESS\" > \"${SCRIPT_OUTPUT_FILE_0}\"\n";
			showEnvVarsInLog = 0;
		};
		BD83D95953DCC800A0954B09 /* [CP] Embed Pods Frameworks */ = {
			isa = PBXShellScriptBuildPhase;
			buildActionMask = 2147483647;
			files = (
			);
			inputFileListPaths = (
				"${PODS_ROOT}/Target Support Files/Pods-eCommerce/Pods-eCommerce-frameworks-${CONFIGURATION}-input-files.xcfilelist",
			);
			name = "[CP] Embed Pods Frameworks";
			outputFileListPaths = (
				"${PODS_ROOT}/Target Support Files/Pods-eCommerce/Pods-eCommerce-frameworks-${CONFIGURATION}-output-files.xcfilelist",
			);
			runOnlyForDeploymentPostprocessing = 0;
			shellPath = /bin/sh;
			shellScript = "\"${PODS_ROOT}/Target Support Files/Pods-eCommerce/Pods-eCommerce-frameworks.sh\"\n";
			showEnvVarsInLog = 0;
		};
/* End PBXShellScriptBuildPhase section */

/* Begin PBXSourcesBuildPhase section */
		2459C42623E436F500748647 /* Sources */ = {
			isa = PBXSourcesBuildPhase;
			buildActionMask = 2147483647;
			files = (
				2459C43223E436F500748647 /* ViewController.swift in Sources */,
				2459C42E23E436F500748647 /* AppDelegate.swift in Sources */,
				2459C43823E436F500748647 /* eCommerce.xcdatamodeld in Sources */,
				2459C43023E436F500748647 /* SceneDelegate.swift in Sources */,
			);
			runOnlyForDeploymentPostprocessing = 0;
		};
		2459C43F23E436F600748647 /* Sources */ = {
			isa = PBXSourcesBuildPhase;
			buildActionMask = 2147483647;
			files = (
				2459C44823E436F600748647 /* eCommerceTests.swift in Sources */,
			);
			runOnlyForDeploymentPostprocessing = 0;
		};
		2459C44A23E436F600748647 /* Sources */ = {
			isa = PBXSourcesBuildPhase;
			buildActionMask = 2147483647;
			files = (
				2459C45323E436F600748647 /* eCommerceUITests.swift in Sources */,
			);
			runOnlyForDeploymentPostprocessing = 0;
		};
/* End PBXSourcesBuildPhase section */

/* Begin PBXTargetDependency section */
		2459C44523E436F600748647 /* PBXTargetDependency */ = {
			isa = PBXTargetDependency;
			target = 2459C42923E436F500748647 /* eCommerce */;
			targetProxy = 2459C44423E436F600748647 /* PBXContainerItemProxy */;
		};
		2459C45023E436F600748647 /* PBXTargetDependency */ = {
			isa = PBXTargetDependency;
			target = 2459C42923E436F500748647 /* eCommerce */;
			targetProxy = 2459C44F23E436F600748647 /* PBXContainerItemProxy */;
		};
/* End PBXTargetDependency section */

/* Begin PBXVariantGroup section */
		2459C43323E436F500748647 /* Main.storyboard */ = {
			isa = PBXVariantGroup;
			children = (
				2459C43423E436F500748647 /* Base */,
			);
			name = Main.storyboard;
			sourceTree = "<group>";
		};
		2459C43B23E436F600748647 /* LaunchScreen.storyboard */ = {
			isa = PBXVariantGroup;
			children = (
				2459C43C23E436F600748647 /* Base */,
			);
			name = LaunchScreen.storyboard;
			sourceTree = "<group>";
		};
/* End PBXVariantGroup section */

/* Begin XCBuildConfiguration section */
		2459C45523E436F600748647 /* Debug */ = {
			isa = XCBuildConfiguration;
			buildSettings = {
				ALWAYS_SEARCH_USER_PATHS = NO;
				CLANG_ANALYZER_NONNULL = YES;
				CLANG_ANALYZER_NUMBER_OBJECT_CONVERSION = YES_AGGRESSIVE;
				CLANG_CXX_LANGUAGE_STANDARD = "gnu++14";
				CLANG_CXX_LIBRARY = "libc++";
				CLANG_ENABLE_MODULES = YES;
				CLANG_ENABLE_OBJC_ARC = YES;
				CLANG_ENABLE_OBJC_WEAK = YES;
				CLANG_WARN_BLOCK_CAPTURE_AUTORELEASING = YES;
				CLANG_WARN_BOOL_CONVERSION = YES;
				CLANG_WARN_COMMA = YES;
				CLANG_WARN_CONSTANT_CONVERSION = YES;
				CLANG_WARN_DEPRECATED_OBJC_IMPLEMENTATIONS = YES;
				CLANG_WARN_DIRECT_OBJC_ISA_USAGE = YES_ERROR;
				CLANG_WARN_DOCUMENTATION_COMMENTS = YES;
				CLANG_WARN_EMPTY_BODY = YES;
				CLANG_WARN_ENUM_CONVERSION = YES;
				CLANG_WARN_INFINITE_RECURSION = YES;
				CLANG_WARN_INT_CONVERSION = YES;
				CLANG_WARN_NON_LITERAL_NULL_CONVERSION = YES;
				CLANG_WARN_OBJC_IMPLICIT_RETAIN_SELF = YES;
				CLANG_WARN_OBJC_LITERAL_CONVERSION = YES;
				CLANG_WARN_OBJC_ROOT_CLASS = YES_ERROR;
				CLANG_WARN_RANGE_LOOP_ANALYSIS = YES;
				CLANG_WARN_STRICT_PROTOTYPES = YES;
				CLANG_WARN_SUSPICIOUS_MOVE = YES;
				CLANG_WARN_UNGUARDED_AVAILABILITY = YES_AGGRESSIVE;
				CLANG_WARN_UNREACHABLE_CODE = YES;
				CLANG_WARN__DUPLICATE_METHOD_MATCH = YES;
				COPY_PHASE_STRIP = NO;
				DEBUG_INFORMATION_FORMAT = dwarf;
				ENABLE_STRICT_OBJC_MSGSEND = YES;
				ENABLE_TESTABILITY = YES;
				GCC_C_LANGUAGE_STANDARD = gnu11;
				GCC_DYNAMIC_NO_PIC = NO;
				GCC_NO_COMMON_BLOCKS = YES;
				GCC_OPTIMIZATION_LEVEL = 0;
				GCC_PREPROCESSOR_DEFINITIONS = (
					"DEBUG=1",
					"$(inherited)",
				);
				GCC_WARN_64_TO_32_BIT_CONVERSION = YES;
				GCC_WARN_ABOUT_RETURN_TYPE = YES_ERROR;
				GCC_WARN_UNDECLARED_SELECTOR = YES;
				GCC_WARN_UNINITIALIZED_AUTOS = YES_AGGRESSIVE;
				GCC_WARN_UNUSED_FUNCTION = YES;
				GCC_WARN_UNUSED_VARIABLE = YES;
				IPHONEOS_DEPLOYMENT_TARGET = 13.2;
				MTL_ENABLE_DEBUG_INFO = INCLUDE_SOURCE;
				MTL_FAST_MATH = YES;
				ONLY_ACTIVE_ARCH = YES;
				SDKROOT = iphoneos;
				SWIFT_ACTIVE_COMPILATION_CONDITIONS = DEBUG;
				SWIFT_OPTIMIZATION_LEVEL = "-Onone";
			};
			name = Debug;
		};
		2459C45623E436F600748647 /* Release */ = {
			isa = XCBuildConfiguration;
			buildSettings = {
				ALWAYS_SEARCH_USER_PATHS = NO;
				CLANG_ANALYZER_NONNULL = YES;
				CLANG_ANALYZER_NUMBER_OBJECT_CONVERSION = YES_AGGRESSIVE;
				CLANG_CXX_LANGUAGE_STANDARD = "gnu++14";
				CLANG_CXX_LIBRARY = "libc++";
				CLANG_ENABLE_MODULES = YES;
				CLANG_ENABLE_OBJC_ARC = YES;
				CLANG_ENABLE_OBJC_WEAK = YES;
				CLANG_WARN_BLOCK_CAPTURE_AUTORELEASING = YES;
				CLANG_WARN_BOOL_CONVERSION = YES;
				CLANG_WARN_COMMA = YES;
				CLANG_WARN_CONSTANT_CONVERSION = YES;
				CLANG_WARN_DEPRECATED_OBJC_IMPLEMENTATIONS = YES;
				CLANG_WARN_DIRECT_OBJC_ISA_USAGE = YES_ERROR;
				CLANG_WARN_DOCUMENTATION_COMMENTS = YES;
				CLANG_WARN_EMPTY_BODY = YES;
				CLANG_WARN_ENUM_CONVERSION = YES;
				CLANG_WARN_INFINITE_RECURSION = YES;
				CLANG_WARN_INT_CONVERSION = YES;
				CLANG_WARN_NON_LITERAL_NULL_CONVERSION = YES;
				CLANG_WARN_OBJC_IMPLICIT_RETAIN_SELF = YES;
				CLANG_WARN_OBJC_LITERAL_CONVERSION = YES;
				CLANG_WARN_OBJC_ROOT_CLASS = YES_ERROR;
				CLANG_WARN_RANGE_LOOP_ANALYSIS = YES;
				CLANG_WARN_STRICT_PROTOTYPES = YES;
				CLANG_WARN_SUSPICIOUS_MOVE = YES;
				CLANG_WARN_UNGUARDED_AVAILABILITY = YES_AGGRESSIVE;
				CLANG_WARN_UNREACHABLE_CODE = YES;
				CLANG_WARN__DUPLICATE_METHOD_MATCH = YES;
				COPY_PHASE_STRIP = NO;
				DEBUG_INFORMATION_FORMAT = "dwarf-with-dsym";
				ENABLE_NS_ASSERTIONS = NO;
				ENABLE_STRICT_OBJC_MSGSEND = YES;
				GCC_C_LANGUAGE_STANDARD = gnu11;
				GCC_NO_COMMON_BLOCKS = YES;
				GCC_WARN_64_TO_32_BIT_CONVERSION = YES;
				GCC_WARN_ABOUT_RETURN_TYPE = YES_ERROR;
				GCC_WARN_UNDECLARED_SELECTOR = YES;
				GCC_WARN_UNINITIALIZED_AUTOS = YES_AGGRESSIVE;
				GCC_WARN_UNUSED_FUNCTION = YES;
				GCC_WARN_UNUSED_VARIABLE = YES;
				IPHONEOS_DEPLOYMENT_TARGET = 13.2;
				MTL_ENABLE_DEBUG_INFO = NO;
				MTL_FAST_MATH = YES;
				SDKROOT = iphoneos;
				SWIFT_COMPILATION_MODE = wholemodule;
				SWIFT_OPTIMIZATION_LEVEL = "-O";
				VALIDATE_PRODUCT = YES;
			};
			name = Release;
		};
		2459C45823E436F600748647 /* Debug */ = {
			isa = XCBuildConfiguration;
			baseConfigurationReference = CBD28F9986FEB4E6ECB820DE /* Pods-eCommerce.debug.xcconfig */;
			buildSettings = {
				ASSETCATALOG_COMPILER_APPICON_NAME = AppIcon;
				CODE_SIGN_STYLE = Automatic;
				DEVELOPMENT_TEAM = P93CTL62P4;
				INFOPLIST_FILE = eCommerce/Info.plist;
				IPHONEOS_DEPLOYMENT_TARGET = 13.0;
				LD_RUNPATH_SEARCH_PATHS = (
					"$(inherited)",
					"@executable_path/Frameworks",
				);
				PRODUCT_BUNDLE_IDENTIFIER = com.heady.eCommerce;
				PRODUCT_NAME = "$(TARGET_NAME)";
				SWIFT_VERSION = 5.0;
				TARGETED_DEVICE_FAMILY = 1;
			};
			name = Debug;
		};
		2459C45923E436F600748647 /* Release */ = {
			isa = XCBuildConfiguration;
			baseConfigurationReference = 2AD6ACFC174B64DC85844336 /* Pods-eCommerce.release.xcconfig */;
			buildSettings = {
				ASSETCATALOG_COMPILER_APPICON_NAME = AppIcon;
				CODE_SIGN_STYLE = Automatic;
				DEVELOPMENT_TEAM = P93CTL62P4;
				INFOPLIST_FILE = eCommerce/Info.plist;
				IPHONEOS_DEPLOYMENT_TARGET = 13.0;
				LD_RUNPATH_SEARCH_PATHS = (
					"$(inherited)",
					"@executable_path/Frameworks",
				);
				PRODUCT_BUNDLE_IDENTIFIER = com.heady.eCommerce;
				PRODUCT_NAME = "$(TARGET_NAME)";
				SWIFT_VERSION = 5.0;
				TARGETED_DEVICE_FAMILY = 1;
			};
			name = Release;
		};
		2459C45B23E436F600748647 /* Debug */ = {
			isa = XCBuildConfiguration;
			baseConfigurationReference = 17174D01FBB8220785825E2B /* Pods-eCommerceTests.debug.xcconfig */;
			buildSettings = {
				ALWAYS_EMBED_SWIFT_STANDARD_LIBRARIES = YES;
				BUNDLE_LOADER = "$(TEST_HOST)";
				CODE_SIGN_STYLE = Automatic;
				DEVELOPMENT_TEAM = P93CTL62P4;
				INFOPLIST_FILE = eCommerceTests/Info.plist;
				IPHONEOS_DEPLOYMENT_TARGET = 13.2;
				LD_RUNPATH_SEARCH_PATHS = (
					"$(inherited)",
					"@executable_path/Frameworks",
					"@loader_path/Frameworks",
				);
				PRODUCT_BUNDLE_IDENTIFIER = com.heady.eCommerceTests;
				PRODUCT_NAME = "$(TARGET_NAME)";
				SWIFT_VERSION = 5.0;
				TARGETED_DEVICE_FAMILY = "1,2";
				TEST_HOST = "$(BUILT_PRODUCTS_DIR)/eCommerce.app/eCommerce";
			};
			name = Debug;
		};
		2459C45C23E436F600748647 /* Release */ = {
			isa = XCBuildConfiguration;
			baseConfigurationReference = AB6D14AD420B74F40523E5F8 /* Pods-eCommerceTests.release.xcconfig */;
			buildSettings = {
				ALWAYS_EMBED_SWIFT_STANDARD_LIBRARIES = YES;
				BUNDLE_LOADER = "$(TEST_HOST)";
				CODE_SIGN_STYLE = Automatic;
				DEVELOPMENT_TEAM = P93CTL62P4;
				INFOPLIST_FILE = eCommerceTests/Info.plist;
				IPHONEOS_DEPLOYMENT_TARGET = 13.2;
				LD_RUNPATH_SEARCH_PATHS = (
					"$(inherited)",
					"@executable_path/Frameworks",
					"@loader_path/Frameworks",
				);
				PRODUCT_BUNDLE_IDENTIFIER = com.heady.eCommerceTests;
				PRODUCT_NAME = "$(TARGET_NAME)";
				SWIFT_VERSION = 5.0;
				TARGETED_DEVICE_FAMILY = "1,2";
				TEST_HOST = "$(BUILT_PRODUCTS_DIR)/eCommerce.app/eCommerce";
			};
			name = Release;
		};
		2459C45E23E436F600748647 /* Debug */ = {
			isa = XCBuildConfiguration;
			baseConfigurationReference = D205BCA52EFC3037C6D0F7C1 /* Pods-eCommerceUITests.debug.xcconfig */;
			buildSettings = {
				ALWAYS_EMBED_SWIFT_STANDARD_LIBRARIES = YES;
				CODE_SIGN_STYLE = Automatic;
				DEVELOPMENT_TEAM = P93CTL62P4;
				INFOPLIST_FILE = eCommerceUITests/Info.plist;
				LD_RUNPATH_SEARCH_PATHS = (
					"$(inherited)",
					"@executable_path/Frameworks",
					"@loader_path/Frameworks",
				);
				PRODUCT_BUNDLE_IDENTIFIER = com.heady.eCommerceUITests;
				PRODUCT_NAME = "$(TARGET_NAME)";
				SWIFT_VERSION = 5.0;
				TARGETED_DEVICE_FAMILY = "1,2";
				TEST_TARGET_NAME = eCommerce;
			};
			name = Debug;
		};
		2459C45F23E436F600748647 /* Release */ = {
			isa = XCBuildConfiguration;
			baseConfigurationReference = 9FB6B1338709B17B67501E21 /* Pods-eCommerceUITests.release.xcconfig */;
			buildSettings = {
				ALWAYS_EMBED_SWIFT_STANDARD_LIBRARIES = YES;
				CODE_SIGN_STYLE = Automatic;
				DEVELOPMENT_TEAM = P93CTL62P4;
				INFOPLIST_FILE = eCommerceUITests/Info.plist;
				LD_RUNPATH_SEARCH_PATHS = (
					"$(inherited)",
					"@executable_path/Frameworks",
					"@loader_path/Frameworks",
				);
				PRODUCT_BUNDLE_IDENTIFIER = com.heady.eCommerceUITests;
				PRODUCT_NAME = "$(TARGET_NAME)";
				SWIFT_VERSION = 5.0;
				TARGETED_DEVICE_FAMILY = "1,2";
				TEST_TARGET_NAME = eCommerce;
			};
			name = Release;
		};
/* End XCBuildConfiguration section */

/* Begin XCConfigurationList section */
		2459C42523E436F500748647 /* Build configuration list for PBXProject "eCommerce" */ = {
			isa = XCConfigurationList;
			buildConfigurations = (
				2459C45523E436F600748647 /* Debug */,
				2459C45623E436F600748647 /* Release */,
			);
			defaultConfigurationIsVisible = 0;
			defaultConfigurationName = Release;
		};
		2459C45723E436F600748647 /* Build configuration list for PBXNativeTarget "eCommerce" */ = {
			isa = XCConfigurationList;
			buildConfigurations = (
				2459C45823E436F600748647 /* Debug */,
				2459C45923E436F600748647 /* Release */,
			);
			defaultConfigurationIsVisible = 0;
			defaultConfigurationName = Release;
		};
		2459C45A23E436F600748647 /* Build configuration list for PBXNativeTarget "eCommerceTests" */ = {
			isa = XCConfigurationList;
			buildConfigurations = (
				2459C45B23E436F600748647 /* Debug */,
				2459C45C23E436F600748647 /* Release */,
			);
			defaultConfigurationIsVisible = 0;
			defaultConfigurationName = Release;
		};
		2459C45D23E436F600748647 /* Build configuration list for PBXNativeTarget "eCommerceUITests" */ = {
			isa = XCConfigurationList;
			buildConfigurations = (
				2459C45E23E436F600748647 /* Debug */,
				2459C45F23E436F600748647 /* Release */,
			);
			defaultConfigurationIsVisible = 0;
			defaultConfigurationName = Release;
		};
/* End XCConfigurationList section */

/* Begin XCVersionGroup section */
		2459C43623E436F500748647 /* eCommerce.xcdatamodeld */ = {
			isa = XCVersionGroup;
			children = (
				2459C43723E436F500748647 /* eCommerce.xcdatamodel */,
			);
			currentVersion = 2459C43723E436F500748647 /* eCommerce.xcdatamodel */;
			path = eCommerce.xcdatamodeld;
			sourceTree = "<group>";
			versionGroupType = wrapper.xcdatamodel;
		};
/* End XCVersionGroup section */
	};
	rootObject = 2459C42223E436F500748647 /* Project object */;
}
